
Microsoft Visual Studio Solution File, Format Version 12.00
# Visual Studio Version 17
VisualStudioVersion = 17.8.34309.116
MinimumVisualStudioVersion = 10.0.40219.1
Project("{FAE04EC0-301F-11D3-BF4B-00C04F79EFBC}") = "magma", "magma\magma.csproj", "{8C8B54B2-E4D4-4B64-80C7-3D7D1AFFF685}"
EndProject
Global
	GlobalSection(SolutionConfigurationPlatforms) = preSolution
		Debug|Any CPU = Debug|Any CPU
		Release|Any CPU = Release|Any CPU
	EndGlobalSection
	GlobalSection(ProjectConfigurationPlatforms) = postSolution
		{8C8B54B2-E4D4-4B64-80C7-3D7D1AFFF685}.Debug|Any CPU.ActiveCfg = Debug|Any CPU
		{8C8B54B2-E4D4-4B64-80C7-3D7D1AFFF685}.Debug|Any CPU.Build.0 = Debug|Any CPU
		{8C8B54B2-E4D4-4B64-80C7-3D7D1AFFF685}.Release|Any CPU.ActiveCfg = Release|Any CPU
		{8C8B54B2-E4D4-4B64-80C7-3D7D1AFFF685}.Release|Any CPU.Build.0 = Release|Any CPU
	EndGlobalSection
	GlobalSection(SolutionProperties) = preSolution
		HideSolutionNode = FALSE
	EndGlobalSection
	GlobalSection(ExtensibilityGlobals) = postSolution
		SolutionGuid = {3A94FBAD-5C3E-48FF-B0A2-006BEECD7417}
	EndGlobalSection
EndGlobal
